--only-binary=:all:

# Hashes dos wheels publicados no PyPI. O instalador usa --no-index e aceita
# apenas o wheelhouse que acompanha o release oficial.
customtkinter==5.2.2 \
    --hash=sha256:14ad3e7cd3cb3b9eb642b9d4e8711ae80d3f79fb82545ad11258eeffb2e6b37c

darkdetect==0.8.0 \
    --hash=sha256:a7509ccf517eaad92b31c214f593dbcf138ea8a43b2935406bbd565e15527a85

packaging==26.3 \
    --hash=sha256:d7193f7c8e4e93f444fde0262bf90af30e16fa0ad0ad44cb553c87339b23cd1c

pycryptodome==3.23.0 \
    --hash=sha256:c75b52aacc6c0c260f204cbdd834f76edc9fb0d8e0da9fbf8352ef58202564e2
